
Microsoft Visual Studio Solution File, Format Version 12.00
# Visual Studio Version 16
VisualStudioVersion = 16.0.30011.22
MinimumVisualStudioVersion = 10.0.40219.1
Project("{FAE04EC0-301F-11D3-BF4B-00C04F79EFBC}") = "DailyTask", "DailyTask\DailyTask.csproj", "{6FD25C55-AEDA-4684-B940-C7354EDBB550}"
EndProject
Global
	GlobalSection(SolutionConfigurationPlatforms) = preSolution
		Debug|Any CPU = Debug|Any CPU
		Release|Any CPU = Release|Any CPU
	EndGlobalSection
	GlobalSection(ProjectConfigurationPlatforms) = postSolution
		{6FD25C55-AEDA-4684-B940-C7354EDBB550}.Debug|Any CPU.ActiveCfg = Debug|Any CPU
		{6FD25C55-AEDA-4684-B940-C7354EDBB550}.Debug|Any CPU.Build.0 = Debug|Any CPU
		{6FD25C55-AEDA-4684-B940-C7354EDBB550}.Release|Any CPU.ActiveCfg = Release|Any CPU
		{6FD25C55-AEDA-4684-B940-C7354EDBB550}.Release|Any CPU.Build.0 = Release|Any CPU
	EndGlobalSection
	GlobalSection(SolutionProperties) = preSolution
		HideSolutionNode = FALSE
	EndGlobalSection
	GlobalSection(ExtensibilityGlobals) = postSolution
		SolutionGuid = {5B3F8714-2390-48B0-B166-B3C68B1B269B}
	EndGlobalSection
EndGlobal
